
Microsoft Visual Studio Solution File, Format Version 12.00
# Visual Studio Version 18
VisualStudioVersion = 18.0.11222.15 d18.0
MinimumVisualStudioVersion = 10.0.40219.1
Project("{FAE04EC0-301F-11D3-BF4B-00C04F79EFBC}") = "VikashEngineeringWorksShop", "VikashEngineeringWorksShop.csproj", "{E98D01CB-6E0A-90D0-1A7A-7BC551BF7DD3}"
EndProject
Global
	GlobalSection(SolutionConfigurationPlatforms) = preSolution
		Debug|Any CPU = Debug|Any CPU
		Release|Any CPU = Release|Any CPU
	EndGlobalSection
	GlobalSection(ProjectConfigurationPlatforms) = postSolution
		{E98D01CB-6E0A-90D0-1A7A-7BC551BF7DD3}.Debug|Any CPU.ActiveCfg = Debug|Any CPU
		{E98D01CB-6E0A-90D0-1A7A-7BC551BF7DD3}.Debug|Any CPU.Build.0 = Debug|Any CPU
		{E98D01CB-6E0A-90D0-1A7A-7BC551BF7DD3}.Release|Any CPU.ActiveCfg = Release|Any CPU
		{E98D01CB-6E0A-90D0-1A7A-7BC551BF7DD3}.Release|Any CPU.Build.0 = Release|Any CPU
	EndGlobalSection
	GlobalSection(SolutionProperties) = preSolution
		HideSolutionNode = FALSE
	EndGlobalSection
	GlobalSection(ExtensibilityGlobals) = postSolution
		SolutionGuid = {261E6446-1706-452E-B322-97C225C1E0F0}
	EndGlobalSection
EndGlobal
